
Microsoft Visual Studio Solution File, Format Version 12.00
# Visual Studio Version 17
VisualStudioVersion = 17.7.34031.279
MinimumVisualStudioVersion = 10.0.40219.1
Project("{FAE04EC0-301F-11D3-BF4B-00C04F79EFBC}") = "RegistrationApp", "RegistrationApp.csproj", "{AEE5D33D-BA53-440A-83EF-9DD6FA6EB113}"
EndProject
Global
	GlobalSection(SolutionConfigurationPlatforms) = preSolution
		Debug|Any CPU = Debug|Any CPU
		Release|Any CPU = Release|Any CPU
	EndGlobalSection
	GlobalSection(ProjectConfigurationPlatforms) = postSolution
		{AEE5D33D-BA53-440A-83EF-9DD6FA6EB113}.Debug|Any CPU.ActiveCfg = Debug|Any CPU
		{AEE5D33D-BA53-440A-83EF-9DD6FA6EB113}.Debug|Any CPU.Build.0 = Debug|Any CPU
		{AEE5D33D-BA53-440A-83EF-9DD6FA6EB113}.Release|Any CPU.ActiveCfg = Release|Any CPU
		{AEE5D33D-BA53-440A-83EF-9DD6FA6EB113}.Release|Any CPU.Build.0 = Release|Any CPU
	EndGlobalSection
	GlobalSection(SolutionProperties) = preSolution
		HideSolutionNode = FALSE
	EndGlobalSection
	GlobalSection(ExtensibilityGlobals) = postSolution
		SolutionGuid = {BCBA58AD-4B6C-45C8-812A-DFBDE9077E70}
	EndGlobalSection
EndGlobal
